Microsoft Visual Studio Solution File, Format Version 12.00# Visual Studio 2012Project("{FAE04EC0-301F-11D3-BF4B-00C04F79EFBC}") = "TestGithubCodeSync.Entities", "TestGithubCodeSync.Entities\TestGithubCodeSync.Entities.csproj", "{5652F18B-C443-4578-B417-881B67E77874}"EndProjectProject("{FAE04EC0-301F-11D3-BF4B-00C04F79EFBC}") = "TestGithubCodeSync.Daos.Interfaces", "TestGithubCodeSync.Daos.Interfaces\TestGithubCodeSync.Daos.Interfaces.csproj", "{90DDDEC5-45E6-44AC-B582-7E7B394EAC45}"EndProjectProject("{FAE04EC0-301F-11D3-BF4B-00C04F79EFBC}") = "TestGithubCodeSync.Services.Interfaces", "TestGithubCodeSync.Services.Interfaces\TestGithubCodeSync.Services.Interfaces.csproj", "{4FD2C994-F3E6-405A-AE7D-2025036021BE}"EndProjectProject("{FAE04EC0-301F-11D3-BF4B-00C04F79EFBC}") = "TestGithubCodeSync.Daos", "TestGithubCodeSync.Daos\TestGithubCodeSync.Daos.csproj", "{CDB1D999-4B63-4E61-B037-E05873EB238A}"EndProjectProject("{FAE04EC0-301F-11D3-BF4B-00C04F79EFBC}") = "TestGithubCodeSync.Services", "TestGithubCodeSync.Services\TestGithubCodeSync.Services.csproj", "{388CD188-C98C-4BD3-A2EC-7B448F1A42D7}"EndProjectProject("{FAE04EC0-301F-11D3-BF4B-00C04F79EFBC}") = "TestGithubCodeSync.TestData", "TestGithubCodeSync.TestData\TestGithubCodeSync.TestData.csproj", "{3B49F00F-ECC3-469A-9028-5F4AB910058D}"EndProjectProject("{FAE04EC0-301F-11D3-BF4B-00C04F79EFBC}") = "TestGithubCodeSync.Daos.Mocks", "TestGithubCodeSync.Daos.Mocks\TestGithubCodeSync.Daos.Mocks.csproj", "{470D06A3-79F3-444B-923C-18C98CBBDC9C}"EndProjectProject("{FAE04EC0-301F-11D3-BF4B-00C04F79EFBC}") = "TestGithubCodeSync.Daos.Tests", "TestGithubCodeSync.Daos.Tests\TestGithubCodeSync.Daos.Tests.csproj", "{2DA40381-381C-4028-8329-31A726B89ADE}"EndProjectProject("{FAE04EC0-301F-11D3-BF4B-00C04F79EFBC}") = "TestGithubCodeSync.Services.Tests", "TestGithubCodeSync.Services.Tests\TestGithubCodeSync.Services.Tests.csproj", "{D9431874-01EE-4D16-A403-4B6B0C530327}"EndProjectProject("{FAE04EC0-301F-11D3-BF4B-00C04F79EFBC}") = "TestGithubCodeSync.Web", "TestGithubCodeSync.Web\TestGithubCodeSync.Web.csproj", "{8EA3BD62-DA1F-43B7-A458-61CC6D78834E}"EndProjectProject("{FAE04EC0-301F-11D3-BF4B-00C04F79EFBC}") = "TestGithubCodeSync.WebApi", "TestGithubCodeSync.WebApi\TestGithubCodeSync.WebApi.csproj", "{163E9BFA-883F-4CA6-926E-9998C2EE0548}"EndProjectGlobal	GlobalSection(SolutionConfigurationPlatforms) = preSolution		Debug|Any CPU = Debug|Any CPU		Release|Any CPU = Release|Any CPU	EndGlobalSection	GlobalSection(ProjectConfigurationPlatforms) = postSolution		{5652F18B-C443-4578-B417-881B67E77874}.Debug|Any CPU.ActiveCfg = Debug|Any CPU		{5652F18B-C443-4578-B417-881B67E77874}.Debug|Any CPU.Build.0 = Debug|Any CPU		{5652F18B-C443-4578-B417-881B67E77874}.Release|Any CPU.ActiveCfg = Release|Any CPU		{5652F18B-C443-4578-B417-881B67E77874}.Release|Any CPU.Build.0 = Release|Any CPU		{90DDDEC5-45E6-44AC-B582-7E7B394EAC45}.Debug|Any CPU.ActiveCfg = Debug|Any CPU		{90DDDEC5-45E6-44AC-B582-7E7B394EAC45}.Debug|Any CPU.Build.0 = Debug|Any CPU		{90DDDEC5-45E6-44AC-B582-7E7B394EAC45}.Release|Any CPU.ActiveCfg = Release|Any CPU		{90DDDEC5-45E6-44AC-B582-7E7B394EAC45}.Release|Any CPU.Build.0 = Release|Any CPU		{4FD2C994-F3E6-405A-AE7D-2025036021BE}.Debug|Any CPU.ActiveCfg = Debug|Any CPU		{4FD2C994-F3E6-405A-AE7D-2025036021BE}.Debug|Any CPU.Build.0 = Debug|Any CPU		{4FD2C994-F3E6-405A-AE7D-2025036021BE}.Release|Any CPU.ActiveCfg = Release|Any CPU		{4FD2C994-F3E6-405A-AE7D-2025036021BE}.Release|Any CPU.Build.0 = Release|Any CPU		{CDB1D999-4B63-4E61-B037-E05873EB238A}.Debug|Any CPU.ActiveCfg = Debug|Any CPU		{CDB1D999-4B63-4E61-B037-E05873EB238A}.Debug|Any CPU.Build.0 = Debug|Any CPU		{CDB1D999-4B63-4E61-B037-E05873EB238A}.Release|Any CPU.ActiveCfg = Release|Any CPU		{CDB1D999-4B63-4E61-B037-E05873EB238A}.Release|Any CPU.Build.0 = Release|Any CPU		{388CD188-C98C-4BD3-A2EC-7B448F1A42D7}.Debug|Any CPU.ActiveCfg = Debug|Any CPU		{388CD188-C98C-4BD3-A2EC-7B448F1A42D7}.Debug|Any CPU.Build.0 = Debug|Any CPU		{388CD188-C98C-4BD3-A2EC-7B448F1A42D7}.Release|Any CPU.ActiveCfg = Release|Any CPU		{388CD188-C98C-4BD3-A2EC-7B448F1A42D7}.Release|Any CPU.Build.0 = Release|Any CPU		{3B49F00F-ECC3-469A-9028-5F4AB910058D}.Debug|Any CPU.ActiveCfg = Debug|Any CPU		{3B49F00F-ECC3-469A-9028-5F4AB910058D}.Debug|Any CPU.Build.0 = Debug|Any CPU		{3B49F00F-ECC3-469A-9028-5F4AB910058D}.Release|Any CPU.ActiveCfg = Release|Any CPU		{3B49F00F-ECC3-469A-9028-5F4AB910058D}.Release|Any CPU.Build.0 = Release|Any CPU		{470D06A3-79F3-444B-923C-18C98CBBDC9C}.Debug|Any CPU.ActiveCfg = Debug|Any CPU		{470D06A3-79F3-444B-923C-18C98CBBDC9C}.Debug|Any CPU.Build.0 = Debug|Any CPU		{470D06A3-79F3-444B-923C-18C98CBBDC9C}.Release|Any CPU.ActiveCfg = Release|Any CPU		{470D06A3-79F3-444B-923C-18C98CBBDC9C}.Release|Any CPU.Build.0 = Release|Any CPU		{2DA40381-381C-4028-8329-31A726B89ADE}.Debug|Any CPU.ActiveCfg = Debug|Any CPU		{2DA40381-381C-4028-8329-31A726B89ADE}.Debug|Any CPU.Build.0 = Debug|Any CPU		{2DA40381-381C-4028-8329-31A726B89ADE}.Release|Any CPU.ActiveCfg = Release|Any CPU		{2DA40381-381C-4028-8329-31A726B89ADE}.Release|Any CPU.Build.0 = Release|Any CPU		{D9431874-01EE-4D16-A403-4B6B0C530327}.Debug|Any CPU.ActiveCfg = Debug|Any CPU		{D9431874-01EE-4D16-A403-4B6B0C530327}.Debug|Any CPU.Build.0 = Debug|Any CPU		{D9431874-01EE-4D16-A403-4B6B0C530327}.Release|Any CPU.ActiveCfg = Release|Any CPU		{D9431874-01EE-4D16-A403-4B6B0C530327}.Release|Any CPU.Build.0 = Release|Any CPU		{8EA3BD62-DA1F-43B7-A458-61CC6D78834E}.Debug|Any CPU.ActiveCfg = Debug|Any CPU		{8EA3BD62-DA1F-43B7-A458-61CC6D78834E}.Debug|Any CPU.Build.0 = Debug|Any CPU		{8EA3BD62-DA1F-43B7-A458-61CC6D78834E}.Release|Any CPU.ActiveCfg = Release|Any CPU		{8EA3BD62-DA1F-43B7-A458-61CC6D78834E}.Release|Any CPU.Build.0 = Release|Any CPU		{163E9BFA-883F-4CA6-926E-9998C2EE0548}.Debug|Any CPU.ActiveCfg = Debug|Any CPU		{163E9BFA-883F-4CA6-926E-9998C2EE0548}.Debug|Any CPU.Build.0 = Debug|Any CPU		{163E9BFA-883F-4CA6-926E-9998C2EE0548}.Release|Any CPU.ActiveCfg = Release|Any CPU		{163E9BFA-883F-4CA6-926E-9998C2EE0548}.Release|Any CPU.Build.0 = Release|Any CPU	EndGlobalSection
	GlobalSection(SolutionProperties) = preSolution		HideSolutionNode = FALSE	EndGlobalSectionEndGlobal